
Microsoft Visual Studio Solution File, Format Version 12.00
# Visual Studio Version 16
VisualStudioVersion = 16.0.31515.178
MinimumVisualStudioVersion = 10.0.40219.1
Project("{FAE04EC0-301F-11D3-BF4B-00C04F79EFBC}") = "HNEAutoInstaller", "HNEAutoInstaller\HNEAutoInstaller.csproj", "{A46FDE50-E37E-41DD-8C3E-9D6EDC4A94DE}"
EndProject
Global
	GlobalSection(SolutionConfigurationPlatforms) = preSolution
		Debug|Any CPU = Debug|Any CPU
		Release|Any CPU = Release|Any CPU
	EndGlobalSection
	GlobalSection(ProjectConfigurationPlatforms) = postSolution
		{A46FDE50-E37E-41DD-8C3E-9D6EDC4A94DE}.Debug|Any CPU.ActiveCfg = Debug|Any CPU
		{A46FDE50-E37E-41DD-8C3E-9D6EDC4A94DE}.Debug|Any CPU.Build.0 = Debug|Any CPU
		{A46FDE50-E37E-41DD-8C3E-9D6EDC4A94DE}.Release|Any CPU.ActiveCfg = Release|Any CPU
		{A46FDE50-E37E-41DD-8C3E-9D6EDC4A94DE}.Release|Any CPU.Build.0 = Release|Any CPU
	EndGlobalSection
	GlobalSection(SolutionProperties) = preSolution
		HideSolutionNode = FALSE
	EndGlobalSection
	GlobalSection(ExtensibilityGlobals) = postSolution
		SolutionGuid = {B733ACAE-097F-4848-ADE2-7A9F75A68C6E}
	EndGlobalSection
EndGlobal
